
Microsoft Visual Studio Solution File, Format Version 12.00
# Visual Studio Version 16
VisualStudioVersion = 16.0.31005.135
MinimumVisualStudioVersion = 10.0.40219.1
Project("{D954291E-2A0B-460D-934E-DC6B0785DB48}") = "MyWorld.Shared", "MyWorld\MyWorld.Shared\MyWorld.Shared.shproj", "{6279C845-92F8-4333-AB99-3D213163593C}"
EndProject
Project("{2150E333-8FDC-42A3-9474-1A3956D46DE8}") = "Platforms", "Platforms", "{9E699814-38AA-4D7C-BD89-91C1C3320EC1}"
EndProject
Project("{FAE04EC0-301F-11D3-BF4B-00C04F79EFBC}") = "MyWorld.Droid", "MyWorld\MyWorld.Droid\MyWorld.Droid.csproj", "{A95BD4AA-4E38-4092-BC8F-070D6A69993D}"
EndProject
Project("{FAE04EC0-301F-11D3-BF4B-00C04F79EFBC}") = "MyWorld.iOS", "MyWorld\MyWorld.iOS\MyWorld.iOS.csproj", "{9479FDF7-C6FC-48EC-9031-0C7A88EA8F96}"
EndProject
Project("{FAE04EC0-301F-11D3-BF4B-00C04F79EFBC}") = "MyWorld.UWP", "MyWorld\MyWorld.UWP\MyWorld.UWP.csproj", "{DCEBB8C2-E4BD-44F8-ACCB-9A8980D8F01D}"
EndProject
Project("{FAE04EC0-301F-11D3-BF4B-00C04F79EFBC}") = "MyWorld.Wasm", "MyWorld\MyWorld.Wasm\MyWorld.Wasm.csproj", "{1173AA60-9009-48B1-BBA8-3EF094643D84}"
EndProject
Project("{FAE04EC0-301F-11D3-BF4B-00C04F79EFBC}") = "MyWorld.macOS", "MyWorld\MyWorld.macOS\MyWorld.macOS.csproj", "{FBC1246F-85C6-42EC-806C-025D4186D212}"
EndProject
Project("{FAE04EC0-301F-11D3-BF4B-00C04F79EFBC}") = "MyWorld.Skia.Wpf.Host", "MyWorld\MyWorld.Skia.Wpf.Host\MyWorld.Skia.Wpf.Host.csproj", "{3FB22EA8-851C-41E6-A96A-0703A9270E95}"
EndProject
Project("{FAE04EC0-301F-11D3-BF4B-00C04F79EFBC}") = "MyWorld.Skia.Wpf", "MyWorld\MyWorld.Skia.Wpf\MyWorld.Skia.Wpf.csproj", "{80B6FA6B-88C4-4E3A-9534-DC64140D57CE}"
EndProject
Project("{FAE04EC0-301F-11D3-BF4B-00C04F79EFBC}") = "MyWorld.Skia.Gtk", "MyWorld\MyWorld.Skia.Gtk\MyWorld.Skia.Gtk.csproj", "{2C5B6AC0-965B-4D20-9A6B-416D14921121}"
EndProject
Project("{FAE04EC0-301F-11D3-BF4B-00C04F79EFBC}") = "MyWorld.Skia.Tizen", "MyWorld\MyWorld.Skia.Tizen\MyWorld.Skia.Tizen.csproj", "{F50BBBCB-F27F-47F3-8274-3786CF50900F}"
EndProject
Global
	GlobalSection(SharedMSBuildProjectFiles) = preSolution
		MyWorld\MyWorld.Shared\MyWorld.Shared.projitems*{1173aa60-9009-48b1-bba8-3ef094643d84}*SharedItemsImports = 5
		MyWorld\MyWorld.Shared\MyWorld.Shared.projitems*{2c5b6ac0-965b-4d20-9a6b-416d14921121}*SharedItemsImports = 5
		MyWorld\MyWorld.Shared\MyWorld.Shared.projitems*{6279c845-92f8-4333-ab99-3d213163593c}*SharedItemsImports = 13
		MyWorld\MyWorld.Shared\MyWorld.Shared.projitems*{80b6fa6b-88c4-4e3a-9534-dc64140d57ce}*SharedItemsImports = 5
		MyWorld\MyWorld.Shared\MyWorld.Shared.projitems*{9479fdf7-c6fc-48ec-9031-0c7a88ea8f96}*SharedItemsImports = 4
		MyWorld\MyWorld.Shared\MyWorld.Shared.projitems*{a95bd4aa-4e38-4092-bc8f-070d6a69993d}*SharedItemsImports = 4
		MyWorld\MyWorld.Shared\MyWorld.Shared.projitems*{dcebb8c2-e4bd-44f8-accb-9a8980d8f01d}*SharedItemsImports = 4
		MyWorld\MyWorld.Shared\MyWorld.Shared.projitems*{f50bbbcb-f27f-47f3-8274-3786cf50900f}*SharedItemsImports = 5
		MyWorld\MyWorld.Shared\MyWorld.Shared.projitems*{fbc1246f-85c6-42ec-806c-025d4186d212}*SharedItemsImports = 4
	EndGlobalSection
	GlobalSection(SolutionConfigurationPlatforms) = preSolution
		Ad-Hoc|Any CPU = Ad-Hoc|Any CPU
		Ad-Hoc|ARM = Ad-Hoc|ARM
		Ad-Hoc|ARM64 = Ad-Hoc|ARM64
		Ad-Hoc|iPhone = Ad-Hoc|iPhone
		Ad-Hoc|iPhoneSimulator = Ad-Hoc|iPhoneSimulator
		Ad-Hoc|x64 = Ad-Hoc|x64
		Ad-Hoc|x86 = Ad-Hoc|x86
		AppStore|Any CPU = AppStore|Any CPU
		AppStore|ARM = AppStore|ARM
		AppStore|ARM64 = AppStore|ARM64
		AppStore|iPhone = AppStore|iPhone
		AppStore|iPhoneSimulator = AppStore|iPhoneSimulator
		AppStore|x64 = AppStore|x64
		AppStore|x86 = AppStore|x86
		Debug|Any CPU = Debug|Any CPU
		Debug|ARM = Debug|ARM
		Debug|ARM64 = Debug|ARM64
		Debug|iPhone = Debug|iPhone
		Debug|iPhoneSimulator = Debug|iPhoneSimulator
		Debug|x64 = Debug|x64
		Debug|x86 = Debug|x86
		Release|Any CPU = Release|Any CPU
		Release|ARM = Release|ARM
		Release|ARM64 = Release|ARM64
		Release|iPhone = Release|iPhone
		Release|iPhoneSimulator = Release|iPhoneSimulator
		Release|x64 = Release|x64
		Release|x86 = Release|x86
	EndGlobalSection
	GlobalSection(ProjectConfigurationPlatforms) = postSolution
		{A95BD4AA-4E38-4092-BC8F-070D6A69993D}.Ad-Hoc|Any CPU.ActiveCfg = Debug|Any CPU
		{A95BD4AA-4E38-4092-BC8F-070D6A69993D}.Ad-Hoc|Any CPU.Build.0 = Debug|Any CPU
		{A95BD4AA-4E38-4092-BC8F-070D6A69993D}.Ad-Hoc|Any CPU.Deploy.0 = Debug|Any CPU
		{A95BD4AA-4E38-4092-BC8F-070D6A69993D}.Ad-Hoc|ARM.ActiveCfg = Debug|Any CPU
		{A95BD4AA-4E38-4092-BC8F-070D6A69993D}.Ad-Hoc|ARM.Build.0 = Debug|Any CPU
		{A95BD4AA-4E38-4092-BC8F-070D6A69993D}.Ad-Hoc|ARM.Deploy.0 = Debug|Any CPU
		{A95BD4AA-4E38-4092-BC8F-070D6A69993D}.Ad-Hoc|ARM64.ActiveCfg = Debug|Any CPU
		{A95BD4AA-4E38-4092-BC8F-070D6A69993D}.Ad-Hoc|ARM64.Build.0 = Debug|Any CPU
		{A95BD4AA-4E38-4092-BC8F-070D6A69993D}.Ad-Hoc|ARM64.Deploy.0 = Debug|Any CPU
		{A95BD4AA-4E38-4092-BC8F-070D6A69993D}.Ad-Hoc|iPhone.ActiveCfg = Debug|Any CPU
		{A95BD4AA-4E38-4092-BC8F-070D6A69993D}.Ad-Hoc|iPhone.Build.0 = Debug|Any CPU
		{A95BD4AA-4E38-4092-BC8F-070D6A69993D}.Ad-Hoc|iPhone.Deploy.0 = Debug|Any CPU
		{A95BD4AA-4E38-4092-BC8F-070D6A69993D}.Ad-Hoc|iPhoneSimulator.ActiveCfg = Debug|Any CPU
		{A95BD4AA-4E38-4092-BC8F-070D6A69993D}.Ad-Hoc|iPhoneSimulator.Build.0 = Debug|Any CPU
		{A95BD4AA-4E38-4092-BC8F-070D6A69993D}.Ad-Hoc|iPhoneSimulator.Deploy.0 = Debug|Any CPU
		{A95BD4AA-4E38-4092-BC8F-070D6A69993D}.Ad-Hoc|x64.ActiveCfg = Debug|Any CPU
		{A95BD4AA-4E38-4092-BC8F-070D6A69993D}.Ad-Hoc|x64.Build.0 = Debug|Any CPU
		{A95BD4AA-4E38-4092-BC8F-070D6A69993D}.Ad-Hoc|x64.Deploy.0 = Debug|Any CPU
		{A95BD4AA-4E38-4092-BC8F-070D6A69993D}.Ad-Hoc|x86.ActiveCfg = Debug|Any CPU
		{A95BD4AA-4E38-4092-BC8F-070D6A69993D}.Ad-Hoc|x86.Build.0 = Debug|Any CPU
		{A95BD4AA-4E38-4092-BC8F-070D6A69993D}.Ad-Hoc|x86.Deploy.0 = Debug|Any CPU
		{A95BD4AA-4E38-4092-BC8F-070D6A69993D}.AppStore|Any CPU.ActiveCfg = Debug|Any CPU
		{A95BD4AA-4E38-4092-BC8F-070D6A69993D}.AppStore|Any CPU.Build.0 = Debug|Any CPU
		{A95BD4AA-4E38-4092-BC8F-070D6A69993D}.AppStore|Any CPU.Deploy.0 = Debug|Any CPU
		{A95BD4AA-4E38-4092-BC8F-070D6A69993D}.AppStore|ARM.ActiveCfg = Debug|Any CPU
		{A95BD4AA-4E38-4092-BC8F-070D6A69993D}.AppStore|ARM.Build.0 = Debug|Any CPU
		{A95BD4AA-4E38-4092-BC8F-070D6A69993D}.AppStore|ARM.Deploy.0 = Debug|Any CPU
		{A95BD4AA-4E38-4092-BC8F-070D6A69993D}.AppStore|ARM64.ActiveCfg = Debug|Any CPU
		{A95BD4AA-4E38-4092-BC8F-070D6A69993D}.AppStore|ARM64.Build.0 = Debug|Any CPU
		{A95BD4AA-4E38-4092-BC8F-070D6A69993D}.AppStore|ARM64.Deploy.0 = Debug|Any CPU
		{A95BD4AA-4E38-4092-BC8F-070D6A69993D}.AppStore|iPhone.ActiveCfg = Debug|Any CPU
		{A95BD4AA-4E38-4092-BC8F-070D6A69993D}.AppStore|iPhone.Build.0 = Debug|Any CPU
		{A95BD4AA-4E38-4092-BC8F-070D6A69993D}.AppStore|iPhone.Deploy.0 = Debug|Any CPU
		{A95BD4AA-4E38-4092-BC8F-070D6A69993D}.AppStore|iPhoneSimulator.ActiveCfg = Debug|Any CPU
		{A95BD4AA-4E38-4092-BC8F-070D6A69993D}.AppStore|iPhoneSimulator.Build.0 = Debug|Any CPU
		{A95BD4AA-4E38-4092-BC8F-070D6A69993D}.AppStore|iPhoneSimulator.Deploy.0 = Debug|Any CPU
		{A95BD4AA-4E38-4092-BC8F-070D6A69993D}.AppStore|x64.ActiveCfg = Debug|Any CPU
		{A95BD4AA-4E38-4092-BC8F-070D6A69993D}.AppStore|x64.Build.0 = Debug|Any CPU
		{A95BD4AA-4E38-4092-BC8F-070D6A69993D}.AppStore|x64.Deploy.0 = Debug|Any CPU
		{A95BD4AA-4E38-4092-BC8F-070D6A69993D}.AppStore|x86.ActiveCfg = Debug|Any CPU
		{A95BD4AA-4E38-4092-BC8F-070D6A69993D}.AppStore|x86.Build.0 = Debug|Any CPU
		{A95BD4AA-4E38-4092-BC8F-070D6A69993D}.AppStore|x86.Deploy.0 = Debug|Any CPU
		{A95BD4AA-4E38-4092-BC8F-070D6A69993D}.Debug|Any CPU.ActiveCfg = Debug|Any CPU
		{A95BD4AA-4E38-4092-BC8F-070D6A69993D}.Debug|Any CPU.Build.0 = Debug|Any CPU
		{A95BD4AA-4E38-4092-BC8F-070D6A69993D}.Debug|Any CPU.Deploy.0 = Debug|Any CPU
		{A95BD4AA-4E38-4092-BC8F-070D6A69993D}.Debug|ARM.ActiveCfg = Debug|Any CPU
		{A95BD4AA-4E38-4092-BC8F-070D6A69993D}.Debug|ARM.Build.0 = Debug|Any CPU
		{A95BD4AA-4E38-4092-BC8F-070D6A69993D}.Debug|ARM.Deploy.0 = Debug|Any CPU
		{A95BD4AA-4E38-4092-BC8F-070D6A69993D}.Debug|ARM64.ActiveCfg = Debug|Any CPU
		{A95BD4AA-4E38-4092-BC8F-070D6A69993D}.Debug|ARM64.Build.0 = Debug|Any CPU
		{A95BD4AA-4E38-4092-BC8F-070D6A69993D}.Debug|ARM64.Deploy.0 = Debug|Any CPU
		{A95BD4AA-4E38-4092-BC8F-070D6A69993D}.Debug|iPhone.ActiveCfg = Debug|Any CPU
		{A95BD4AA-4E38-4092-BC8F-070D6A69993D}.Debug|iPhone.Build.0 = Debug|Any CPU
		{A95BD4AA-4E38-4092-BC8F-070D6A69993D}.Debug|iPhone.Deploy.0 = Debug|Any CPU
		{A95BD4AA-4E38-4092-BC8F-070D6A69993D}.Debug|iPhoneSimulator.ActiveCfg = Debug|Any CPU
		{A95BD4AA-4E38-4092-BC8F-070D6A69993D}.Debug|iPhoneSimulator.Build.0 = Debug|Any CPU
		{A95BD4AA-4E38-4092-BC8F-070D6A69993D}.Debug|iPhoneSimulator.Deploy.0 = Debug|Any CPU
		{A95BD4AA-4E38-4092-BC8F-070D6A69993D}.Debug|x64.ActiveCfg = Debug|Any CPU
		{A95BD4AA-4E38-4092-BC8F-070D6A69993D}.Debug|x64.Build.0 = Debug|Any CPU
		{A95BD4AA-4E38-4092-BC8F-070D6A69993D}.Debug|x64.Deploy.0 = Debug|Any CPU
		{A95BD4AA-4E38-4092-BC8F-070D6A69993D}.Debug|x86.ActiveCfg = Debug|Any CPU
		{A95BD4AA-4E38-4092-BC8F-070D6A69993D}.Debug|x86.Build.0 = Debug|Any CPU
		{A95BD4AA-4E38-4092-BC8F-070D6A69993D}.Debug|x86.Deploy.0 = Debug|Any CPU
		{A95BD4AA-4E38-4092-BC8F-070D6A69993D}.Release|Any CPU.ActiveCfg = Release|Any CPU
		{A95BD4AA-4E38-4092-BC8F-070D6A69993D}.Release|Any CPU.Build.0 = Release|Any CPU
		{A95BD4AA-4E38-4092-BC8F-070D6A69993D}.Release|Any CPU.Deploy.0 = Release|Any CPU
		{A95BD4AA-4E38-4092-BC8F-070D6A69993D}.Release|ARM.ActiveCfg = Release|Any CPU
		{A95BD4AA-4E38-4092-BC8F-070D6A69993D}.Release|ARM.Build.0 = Release|Any CPU
		{A95BD4AA-4E38-4092-BC8F-070D6A69993D}.Release|ARM.Deploy.0 = Release|Any CPU
		{A95BD4AA-4E38-4092-BC8F-070D6A69993D}.Release|ARM64.ActiveCfg = Release|Any CPU
		{A95BD4AA-4E38-4092-BC8F-070D6A69993D}.Release|ARM64.Build.0 = Release|Any CPU
		{A95BD4AA-4E38-4092-BC8F-070D6A69993D}.Release|ARM64.Deploy.0 = Release|Any CPU
		{A95BD4AA-4E38-4092-BC8F-070D6A69993D}.Release|iPhone.ActiveCfg = Release|Any CPU
		{A95BD4AA-4E38-4092-BC8F-070D6A69993D}.Release|iPhone.Build.0 = Release|Any CPU
		{A95BD4AA-4E38-4092-BC8F-070D6A69993D}.Release|iPhone.Deploy.0 = Release|Any CPU
		{A95BD4AA-4E38-4092-BC8F-070D6A69993D}.Release|iPhoneSimulator.ActiveCfg = Release|Any CPU
		{A95BD4AA-4E38-4092-BC8F-070D6A69993D}.Release|iPhoneSimulator.Build.0 = Release|Any CPU
		{A95BD4AA-4E38-4092-BC8F-070D6A69993D}.Release|iPhoneSimulator.Deploy.0 = Release|Any CPU
		{A95BD4AA-4E38-4092-BC8F-070D6A69993D}.Release|x64.ActiveCfg = Release|Any CPU
		{A95BD4AA-4E38-4092-BC8F-070D6A69993D}.Release|x64.Build.0 = Release|Any CPU
		{A95BD4AA-4E38-4092-BC8F-070D6A69993D}.Release|x64.Deploy.0 = Release|Any CPU
		{A95BD4AA-4E38-4092-BC8F-070D6A69993D}.Release|x86.ActiveCfg = Release|Any CPU
		{A95BD4AA-4E38-4092-BC8F-070D6A69993D}.Release|x86.Build.0 = Release|Any CPU
		{A95BD4AA-4E38-4092-BC8F-070D6A69993D}.Release|x86.Deploy.0 = Release|Any CPU
		{9479FDF7-C6FC-48EC-9031-0C7A88EA8F96}.Ad-Hoc|Any CPU.ActiveCfg = Ad-Hoc|iPhoneSimulator
		{9479FDF7-C6FC-48EC-9031-0C7A88EA8F96}.Ad-Hoc|ARM.ActiveCfg = Ad-Hoc|iPhoneSimulator
		{9479FDF7-C6FC-48EC-9031-0C7A88EA8F96}.Ad-Hoc|ARM64.ActiveCfg = Ad-Hoc|iPhoneSimulator
		{9479FDF7-C6FC-48EC-9031-0C7A88EA8F96}.Ad-Hoc|iPhone.ActiveCfg = Ad-Hoc|iPhone
		{9479FDF7-C6FC-48EC-9031-0C7A88EA8F96}.Ad-Hoc|iPhone.Build.0 = Ad-Hoc|iPhone
		{9479FDF7-C6FC-48EC-9031-0C7A88EA8F96}.Ad-Hoc|iPhoneSimulator.ActiveCfg = Ad-Hoc|iPhoneSimulator
		{9479FDF7-C6FC-48EC-9031-0C7A88EA8F96}.Ad-Hoc|iPhoneSimulator.Build.0 = Ad-Hoc|iPhoneSimulator
		{9479FDF7-C6FC-48EC-9031-0C7A88EA8F96}.Ad-Hoc|x64.ActiveCfg = Ad-Hoc|iPhoneSimulator
		{9479FDF7-C6FC-48EC-9031-0C7A88EA8F96}.Ad-Hoc|x86.ActiveCfg = Ad-Hoc|iPhoneSimulator
		{9479FDF7-C6FC-48EC-9031-0C7A88EA8F96}.AppStore|Any CPU.ActiveCfg = AppStore|iPhoneSimulator
		{9479FDF7-C6FC-48EC-9031-0C7A88EA8F96}.AppStore|ARM.ActiveCfg = AppStore|iPhoneSimulator
		{9479FDF7-C6FC-48EC-9031-0C7A88EA8F96}.AppStore|ARM64.ActiveCfg = AppStore|iPhoneSimulator
		{9479FDF7-C6FC-48EC-9031-0C7A88EA8F96}.AppStore|iPhone.ActiveCfg = AppStore|iPhone
		{9479FDF7-C6FC-48EC-9031-0C7A88EA8F96}.AppStore|iPhone.Build.0 = AppStore|iPhone
		{9479FDF7-C6FC-48EC-9031-0C7A88EA8F96}.AppStore|iPhoneSimulator.ActiveCfg = AppStore|iPhoneSimulator
		{9479FDF7-C6FC-48EC-9031-0C7A88EA8F96}.AppStore|iPhoneSimulator.Build.0 = AppStore|iPhoneSimulator
		{9479FDF7-C6FC-48EC-9031-0C7A88EA8F96}.AppStore|x64.ActiveCfg = AppStore|iPhoneSimulator
		{9479FDF7-C6FC-48EC-9031-0C7A88EA8F96}.AppStore|x86.ActiveCfg = AppStore|iPhoneSimulator
		{9479FDF7-C6FC-48EC-9031-0C7A88EA8F96}.Debug|Any CPU.ActiveCfg = Debug|iPhoneSimulator
		{9479FDF7-C6FC-48EC-9031-0C7A88EA8F96}.Debug|ARM.ActiveCfg = Debug|iPhoneSimulator
		{9479FDF7-C6FC-48EC-9031-0C7A88EA8F96}.Debug|ARM64.ActiveCfg = Debug|iPhoneSimulator
		{9479FDF7-C6FC-48EC-9031-0C7A88EA8F96}.Debug|iPhone.ActiveCfg = Debug|iPhone
		{9479FDF7-C6FC-48EC-9031-0C7A88EA8F96}.Debug|iPhone.Build.0 = Debug|iPhone
		{9479FDF7-C6FC-48EC-9031-0C7A88EA8F96}.Debug|iPhoneSimulator.ActiveCfg = Debug|iPhoneSimulator
		{9479FDF7-C6FC-48EC-9031-0C7A88EA8F96}.Debug|iPhoneSimulator.Build.0 = Debug|iPhoneSimulator
		{9479FDF7-C6FC-48EC-9031-0C7A88EA8F96}.Debug|x64.ActiveCfg = Debug|iPhoneSimulator
		{9479FDF7-C6FC-48EC-9031-0C7A88EA8F96}.Debug|x86.ActiveCfg = Debug|iPhoneSimulator
		{9479FDF7-C6FC-48EC-9031-0C7A88EA8F96}.Release|Any CPU.ActiveCfg = Release|iPhoneSimulator
		{9479FDF7-C6FC-48EC-9031-0C7A88EA8F96}.Release|ARM.ActiveCfg = Release|iPhoneSimulator
		{9479FDF7-C6FC-48EC-9031-0C7A88EA8F96}.Release|ARM64.ActiveCfg = Release|iPhoneSimulator
		{9479FDF7-C6FC-48EC-9031-0C7A88EA8F96}.Release|iPhone.ActiveCfg = Release|iPhone
		{9479FDF7-C6FC-48EC-9031-0C7A88EA8F96}.Release|iPhone.Build.0 = Release|iPhone
		{9479FDF7-C6FC-48EC-9031-0C7A88EA8F96}.Release|iPhoneSimulator.ActiveCfg = Release|iPhoneSimulator
		{9479FDF7-C6FC-48EC-9031-0C7A88EA8F96}.Release|iPhoneSimulator.Build.0 = Release|iPhoneSimulator
		{9479FDF7-C6FC-48EC-9031-0C7A88EA8F96}.Release|x64.ActiveCfg = Release|iPhoneSimulator
		{9479FDF7-C6FC-48EC-9031-0C7A88EA8F96}.Release|x86.ActiveCfg = Release|iPhoneSimulator
		{DCEBB8C2-E4BD-44F8-ACCB-9A8980D8F01D}.Ad-Hoc|Any CPU.ActiveCfg = Debug|x86
		{DCEBB8C2-E4BD-44F8-ACCB-9A8980D8F01D}.Ad-Hoc|Any CPU.Build.0 = Debug|x86
		{DCEBB8C2-E4BD-44F8-ACCB-9A8980D8F01D}.Ad-Hoc|Any CPU.Deploy.0 = Debug|x86
		{DCEBB8C2-E4BD-44F8-ACCB-9A8980D8F01D}.Ad-Hoc|ARM.ActiveCfg = Debug|ARM
		{DCEBB8C2-E4BD-44F8-ACCB-9A8980D8F01D}.Ad-Hoc|ARM.Build.0 = Debug|ARM
		{DCEBB8C2-E4BD-44F8-ACCB-9A8980D8F01D}.Ad-Hoc|ARM.Deploy.0 = Debug|ARM
		{DCEBB8C2-E4BD-44F8-ACCB-9A8980D8F01D}.Ad-Hoc|ARM64.ActiveCfg = Debug|ARM64
		{DCEBB8C2-E4BD-44F8-ACCB-9A8980D8F01D}.Ad-Hoc|ARM64.Build.0 = Debug|ARM64
		{DCEBB8C2-E4BD-44F8-ACCB-9A8980D8F01D}.Ad-Hoc|ARM64.Deploy.0 = Debug|ARM64
		{DCEBB8C2-E4BD-44F8-ACCB-9A8980D8F01D}.Ad-Hoc|iPhone.ActiveCfg = Debug|x86
		{DCEBB8C2-E4BD-44F8-ACCB-9A8980D8F01D}.Ad-Hoc|iPhone.Build.0 = Debug|x86
		{DCEBB8C2-E4BD-44F8-ACCB-9A8980D8F01D}.Ad-Hoc|iPhone.Deploy.0 = Debug|x86
		{DCEBB8C2-E4BD-44F8-ACCB-9A8980D8F01D}.Ad-Hoc|iPhoneSimulator.ActiveCfg = Debug|x86
		{DCEBB8C2-E4BD-44F8-ACCB-9A8980D8F01D}.Ad-Hoc|iPhoneSimulator.Build.0 = Debug|x86
		{DCEBB8C2-E4BD-44F8-ACCB-9A8980D8F01D}.Ad-Hoc|iPhoneSimulator.Deploy.0 = Debug|x86
		{DCEBB8C2-E4BD-44F8-ACCB-9A8980D8F01D}.Ad-Hoc|x64.ActiveCfg = Debug|x64
		{DCEBB8C2-E4BD-44F8-ACCB-9A8980D8F01D}.Ad-Hoc|x64.Build.0 = Debug|x64
		{DCEBB8C2-E4BD-44F8-ACCB-9A8980D8F01D}.Ad-Hoc|x64.Deploy.0 = Debug|x64
		{DCEBB8C2-E4BD-44F8-ACCB-9A8980D8F01D}.Ad-Hoc|x86.ActiveCfg = Debug|x86
		{DCEBB8C2-E4BD-44F8-ACCB-9A8980D8F01D}.Ad-Hoc|x86.Build.0 = Debug|x86
		{DCEBB8C2-E4BD-44F8-ACCB-9A8980D8F01D}.Ad-Hoc|x86.Deploy.0 = Debug|x86
		{DCEBB8C2-E4BD-44F8-ACCB-9A8980D8F01D}.AppStore|Any CPU.ActiveCfg = Debug|x86
		{DCEBB8C2-E4BD-44F8-ACCB-9A8980D8F01D}.AppStore|Any CPU.Build.0 = Debug|x86
		{DCEBB8C2-E4BD-44F8-ACCB-9A8980D8F01D}.AppStore|Any CPU.Deploy.0 = Debug|x86
		{DCEBB8C2-E4BD-44F8-ACCB-9A8980D8F01D}.AppStore|ARM.ActiveCfg = Debug|ARM
		{DCEBB8C2-E4BD-44F8-ACCB-9A8980D8F01D}.AppStore|ARM.Build.0 = Debug|ARM
		{DCEBB8C2-E4BD-44F8-ACCB-9A8980D8F01D}.AppStore|ARM.Deploy.0 = Debug|ARM
		{DCEBB8C2-E4BD-44F8-ACCB-9A8980D8F01D}.AppStore|ARM64.ActiveCfg = Debug|ARM64
		{DCEBB8C2-E4BD-44F8-ACCB-9A8980D8F01D}.AppStore|ARM64.Build.0 = Debug|ARM64
		{DCEBB8C2-E4BD-44F8-ACCB-9A8980D8F01D}.AppStore|ARM64.Deploy.0 = Debug|ARM64
		{DCEBB8C2-E4BD-44F8-ACCB-9A8980D8F01D}.AppStore|iPhone.ActiveCfg = Debug|x86
		{DCEBB8C2-E4BD-44F8-ACCB-9A8980D8F01D}.AppStore|iPhone.Build.0 = Debug|x86
		{DCEBB8C2-E4BD-44F8-ACCB-9A8980D8F01D}.AppStore|iPhone.Deploy.0 = Debug|x86
		{DCEBB8C2-E4BD-44F8-ACCB-9A8980D8F01D}.AppStore|iPhoneSimulator.ActiveCfg = Debug|x86
		{DCEBB8C2-E4BD-44F8-ACCB-9A8980D8F01D}.AppStore|iPhoneSimulator.Build.0 = Debug|x86
		{DCEBB8C2-E4BD-44F8-ACCB-9A8980D8F01D}.AppStore|iPhoneSimulator.Deploy.0 = Debug|x86
		{DCEBB8C2-E4BD-44F8-ACCB-9A8980D8F01D}.AppStore|x64.ActiveCfg = Debug|x64
		{DCEBB8C2-E4BD-44F8-ACCB-9A8980D8F01D}.AppStore|x64.Build.0 = Debug|x64
		{DCEBB8C2-E4BD-44F8-ACCB-9A8980D8F01D}.AppStore|x64.Deploy.0 = Debug|x64
		{DCEBB8C2-E4BD-44F8-ACCB-9A8980D8F01D}.AppStore|x86.ActiveCfg = Debug|x86
		{DCEBB8C2-E4BD-44F8-ACCB-9A8980D8F01D}.AppStore|x86.Build.0 = Debug|x86
		{DCEBB8C2-E4BD-44F8-ACCB-9A8980D8F01D}.AppStore|x86.Deploy.0 = Debug|x86
		{DCEBB8C2-E4BD-44F8-ACCB-9A8980D8F01D}.Debug|Any CPU.ActiveCfg = Debug|x86
		{DCEBB8C2-E4BD-44F8-ACCB-9A8980D8F01D}.Debug|Any CPU.Build.0 = Debug|x86
		{DCEBB8C2-E4BD-44F8-ACCB-9A8980D8F01D}.Debug|Any CPU.Deploy.0 = Debug|x86
		{DCEBB8C2-E4BD-44F8-ACCB-9A8980D8F01D}.Debug|ARM.ActiveCfg = Debug|ARM
		{DCEBB8C2-E4BD-44F8-ACCB-9A8980D8F01D}.Debug|ARM.Build.0 = Debug|ARM
		{DCEBB8C2-E4BD-44F8-ACCB-9A8980D8F01D}.Debug|ARM.Deploy.0 = Debug|ARM
		{DCEBB8C2-E4BD-44F8-ACCB-9A8980D8F01D}.Debug|ARM64.ActiveCfg = Debug|ARM64
		{DCEBB8C2-E4BD-44F8-ACCB-9A8980D8F01D}.Debug|ARM64.Build.0 = Debug|ARM64
		{DCEBB8C2-E4BD-44F8-ACCB-9A8980D8F01D}.Debug|ARM64.Deploy.0 = Debug|ARM64
		{DCEBB8C2-E4BD-44F8-ACCB-9A8980D8F01D}.Debug|iPhone.ActiveCfg = Debug|x86
		{DCEBB8C2-E4BD-44F8-ACCB-9A8980D8F01D}.Debug|iPhoneSimulator.ActiveCfg = Debug|x86
		{DCEBB8C2-E4BD-44F8-ACCB-9A8980D8F01D}.Debug|x64.ActiveCfg = Debug|x64
		{DCEBB8C2-E4BD-44F8-ACCB-9A8980D8F01D}.Debug|x64.Build.0 = Debug|x64
		{DCEBB8C2-E4BD-44F8-ACCB-9A8980D8F01D}.Debug|x64.Deploy.0 = Debug|x64
		{DCEBB8C2-E4BD-44F8-ACCB-9A8980D8F01D}.Debug|x86.ActiveCfg = Debug|x86
		{DCEBB8C2-E4BD-44F8-ACCB-9A8980D8F01D}.Debug|x86.Build.0 = Debug|x86
		{DCEBB8C2-E4BD-44F8-ACCB-9A8980D8F01D}.Debug|x86.Deploy.0 = Debug|x86
		{DCEBB8C2-E4BD-44F8-ACCB-9A8980D8F01D}.Release|Any CPU.ActiveCfg = Release|x86
		{DCEBB8C2-E4BD-44F8-ACCB-9A8980D8F01D}.Release|ARM.ActiveCfg = Release|ARM
		{DCEBB8C2-E4BD-44F8-ACCB-9A8980D8F01D}.Release|ARM.Build.0 = Release|ARM
		{DCEBB8C2-E4BD-44F8-ACCB-9A8980D8F01D}.Release|ARM.Deploy.0 = Release|ARM
		{DCEBB8C2-E4BD-44F8-ACCB-9A8980D8F01D}.Release|ARM64.ActiveCfg = Release|ARM64
		{DCEBB8C2-E4BD-44F8-ACCB-9A8980D8F01D}.Release|ARM64.Build.0 = Release|ARM64
		{DCEBB8C2-E4BD-44F8-ACCB-9A8980D8F01D}.Release|ARM64.Deploy.0 = Release|ARM64
		{DCEBB8C2-E4BD-44F8-ACCB-9A8980D8F01D}.Release|iPhone.ActiveCfg = Release|x86
		{DCEBB8C2-E4BD-44F8-ACCB-9A8980D8F01D}.Release|iPhoneSimulator.ActiveCfg = Release|x86
		{DCEBB8C2-E4BD-44F8-ACCB-9A8980D8F01D}.Release|x64.ActiveCfg = Release|x64
		{DCEBB8C2-E4BD-44F8-ACCB-9A8980D8F01D}.Release|x64.Build.0 = Release|x64
		{DCEBB8C2-E4BD-44F8-ACCB-9A8980D8F01D}.Release|x64.Deploy.0 = Release|x64
		{DCEBB8C2-E4BD-44F8-ACCB-9A8980D8F01D}.Release|x86.ActiveCfg = Release|x86
		{DCEBB8C2-E4BD-44F8-ACCB-9A8980D8F01D}.Release|x86.Build.0 = Release|x86
		{DCEBB8C2-E4BD-44F8-ACCB-9A8980D8F01D}.Release|x86.Deploy.0 = Release|x86
		{1173AA60-9009-48B1-BBA8-3EF094643D84}.Ad-Hoc|Any CPU.ActiveCfg = Debug|Any CPU
		{1173AA60-9009-48B1-BBA8-3EF094643D84}.Ad-Hoc|Any CPU.Build.0 = Debug|Any CPU
		{1173AA60-9009-48B1-BBA8-3EF094643D84}.Ad-Hoc|ARM.ActiveCfg = Debug|Any CPU
		{1173AA60-9009-48B1-BBA8-3EF094643D84}.Ad-Hoc|ARM.Build.0 = Debug|Any CPU
		{1173AA60-9009-48B1-BBA8-3EF094643D84}.Ad-Hoc|ARM64.ActiveCfg = Debug|Any CPU
		{1173AA60-9009-48B1-BBA8-3EF094643D84}.Ad-Hoc|ARM64.Build.0 = Debug|Any CPU
		{1173AA60-9009-48B1-BBA8-3EF094643D84}.Ad-Hoc|iPhone.ActiveCfg = Debug|Any CPU
		{1173AA60-9009-48B1-BBA8-3EF094643D84}.Ad-Hoc|iPhone.Build.0 = Debug|Any CPU
		{1173AA60-9009-48B1-BBA8-3EF094643D84}.Ad-Hoc|iPhoneSimulator.ActiveCfg = Debug|Any CPU
		{1173AA60-9009-48B1-BBA8-3EF094643D84}.Ad-Hoc|iPhoneSimulator.Build.0 = Debug|Any CPU
		{1173AA60-9009-48B1-BBA8-3EF094643D84}.Ad-Hoc|x64.ActiveCfg = Debug|Any CPU
		{1173AA60-9009-48B1-BBA8-3EF094643D84}.Ad-Hoc|x64.Build.0 = Debug|Any CPU
		{1173AA60-9009-48B1-BBA8-3EF094643D84}.Ad-Hoc|x86.ActiveCfg = Debug|Any CPU
		{1173AA60-9009-48B1-BBA8-3EF094643D84}.Ad-Hoc|x86.Build.0 = Debug|Any CPU
		{1173AA60-9009-48B1-BBA8-3EF094643D84}.AppStore|Any CPU.ActiveCfg = Debug|Any CPU
		{1173AA60-9009-48B1-BBA8-3EF094643D84}.AppStore|Any CPU.Build.0 = Debug|Any CPU
		{1173AA60-9009-48B1-BBA8-3EF094643D84}.AppStore|ARM.ActiveCfg = Debug|Any CPU
		{1173AA60-9009-48B1-BBA8-3EF094643D84}.AppStore|ARM.Build.0 = Debug|Any CPU
		{1173AA60-9009-48B1-BBA8-3EF094643D84}.AppStore|ARM64.ActiveCfg = Debug|Any CPU
		{1173AA60-9009-48B1-BBA8-3EF094643D84}.AppStore|ARM64.Build.0 = Debug|Any CPU
		{1173AA60-9009-48B1-BBA8-3EF094643D84}.AppStore|iPhone.ActiveCfg = Debug|Any CPU
		{1173AA60-9009-48B1-BBA8-3EF094643D84}.AppStore|iPhone.Build.0 = Debug|Any CPU
		{1173AA60-9009-48B1-BBA8-3EF094643D84}.AppStore|iPhoneSimulator.ActiveCfg = Debug|Any CPU
		{1173AA60-9009-48B1-BBA8-3EF094643D84}.AppStore|iPhoneSimulator.Build.0 = Debug|Any CPU
		{1173AA60-9009-48B1-BBA8-3EF094643D84}.AppStore|x64.ActiveCfg = Debug|Any CPU
		{1173AA60-9009-48B1-BBA8-3EF094643D84}.AppStore|x64.Build.0 = Debug|Any CPU
		{1173AA60-9009-48B1-BBA8-3EF094643D84}.AppStore|x86.ActiveCfg = Debug|Any CPU
		{1173AA60-9009-48B1-BBA8-3EF094643D84}.AppStore|x86.Build.0 = Debug|Any CPU
		{1173AA60-9009-48B1-BBA8-3EF094643D84}.Debug|Any CPU.ActiveCfg = Debug|Any CPU
		{1173AA60-9009-48B1-BBA8-3EF094643D84}.Debug|Any CPU.Build.0 = Debug|Any CPU
		{1173AA60-9009-48B1-BBA8-3EF094643D84}.Debug|ARM.ActiveCfg = Debug|Any CPU
		{1173AA60-9009-48B1-BBA8-3EF094643D84}.Debug|ARM.Build.0 = Debug|Any CPU
		{1173AA60-9009-48B1-BBA8-3EF094643D84}.Debug|ARM64.ActiveCfg = Debug|Any CPU
		{1173AA60-9009-48B1-BBA8-3EF094643D84}.Debug|ARM64.Build.0 = Debug|Any CPU
		{1173AA60-9009-48B1-BBA8-3EF094643D84}.Debug|iPhone.ActiveCfg = Debug|Any CPU
		{1173AA60-9009-48B1-BBA8-3EF094643D84}.Debug|iPhone.Build.0 = Debug|Any CPU
		{1173AA60-9009-48B1-BBA8-3EF094643D84}.Debug|iPhoneSimulator.ActiveCfg = Debug|Any CPU
		{1173AA60-9009-48B1-BBA8-3EF094643D84}.Debug|iPhoneSimulator.Build.0 = Debug|Any CPU
		{1173AA60-9009-48B1-BBA8-3EF094643D84}.Debug|x64.ActiveCfg = Debug|Any CPU
		{1173AA60-9009-48B1-BBA8-3EF094643D84}.Debug|x64.Build.0 = Debug|Any CPU
		{1173AA60-9009-48B1-BBA8-3EF094643D84}.Debug|x86.ActiveCfg = Debug|Any CPU
		{1173AA60-9009-48B1-BBA8-3EF094643D84}.Debug|x86.Build.0 = Debug|Any CPU
		{1173AA60-9009-48B1-BBA8-3EF094643D84}.Release|Any CPU.ActiveCfg = Release|Any CPU
		{1173AA60-9009-48B1-BBA8-3EF094643D84}.Release|Any CPU.Build.0 = Release|Any CPU
		{1173AA60-9009-48B1-BBA8-3EF094643D84}.Release|ARM.ActiveCfg = Release|Any CPU
		{1173AA60-9009-48B1-BBA8-3EF094643D84}.Release|ARM.Build.0 = Release|Any CPU
		{1173AA60-9009-48B1-BBA8-3EF094643D84}.Release|ARM64.ActiveCfg = Release|Any CPU
		{1173AA60-9009-48B1-BBA8-3EF094643D84}.Release|ARM64.Build.0 = Release|Any CPU
		{1173AA60-9009-48B1-BBA8-3EF094643D84}.Release|iPhone.ActiveCfg = Release|Any CPU
		{1173AA60-9009-48B1-BBA8-3EF094643D84}.Release|iPhone.Build.0 = Release|Any CPU
		{1173AA60-9009-48B1-BBA8-3EF094643D84}.Release|iPhoneSimulator.ActiveCfg = Release|Any CPU
		{1173AA60-9009-48B1-BBA8-3EF094643D84}.Release|iPhoneSimulator.Build.0 = Release|Any CPU
		{1173AA60-9009-48B1-BBA8-3EF094643D84}.Release|x64.ActiveCfg = Release|Any CPU
		{1173AA60-9009-48B1-BBA8-3EF094643D84}.Release|x64.Build.0 = Release|Any CPU
		{1173AA60-9009-48B1-BBA8-3EF094643D84}.Release|x86.ActiveCfg = Release|Any CPU
		{1173AA60-9009-48B1-BBA8-3EF094643D84}.Release|x86.Build.0 = Release|Any CPU
		{FBC1246F-85C6-42EC-806C-025D4186D212}.Ad-Hoc|Any CPU.ActiveCfg = Debug|iPhoneSimulator
		{FBC1246F-85C6-42EC-806C-025D4186D212}.Ad-Hoc|Any CPU.Build.0 = Debug|iPhoneSimulator
		{FBC1246F-85C6-42EC-806C-025D4186D212}.Ad-Hoc|ARM.ActiveCfg = Debug|iPhoneSimulator
		{FBC1246F-85C6-42EC-806C-025D4186D212}.Ad-Hoc|ARM.Build.0 = Debug|iPhoneSimulator
		{FBC1246F-85C6-42EC-806C-025D4186D212}.Ad-Hoc|ARM64.ActiveCfg = Debug|iPhoneSimulator
		{FBC1246F-85C6-42EC-806C-025D4186D212}.Ad-Hoc|ARM64.Build.0 = Debug|iPhoneSimulator
		{FBC1246F-85C6-42EC-806C-025D4186D212}.Ad-Hoc|iPhone.ActiveCfg = Debug|iPhoneSimulator
		{FBC1246F-85C6-42EC-806C-025D4186D212}.Ad-Hoc|iPhone.Build.0 = Debug|iPhoneSimulator
		{FBC1246F-85C6-42EC-806C-025D4186D212}.Ad-Hoc|iPhoneSimulator.ActiveCfg = Debug|iPhoneSimulator
		{FBC1246F-85C6-42EC-806C-025D4186D212}.Ad-Hoc|iPhoneSimulator.Build.0 = Debug|iPhoneSimulator
		{FBC1246F-85C6-42EC-806C-025D4186D212}.Ad-Hoc|x64.ActiveCfg = Debug|iPhoneSimulator
		{FBC1246F-85C6-42EC-806C-025D4186D212}.Ad-Hoc|x64.Build.0 = Debug|iPhoneSimulator
		{FBC1246F-85C6-42EC-806C-025D4186D212}.Ad-Hoc|x86.ActiveCfg = Debug|iPhoneSimulator
		{FBC1246F-85C6-42EC-806C-025D4186D212}.Ad-Hoc|x86.Build.0 = Debug|iPhoneSimulator
		{FBC1246F-85C6-42EC-806C-025D4186D212}.AppStore|Any CPU.ActiveCfg = Debug|iPhoneSimulator
		{FBC1246F-85C6-42EC-806C-025D4186D212}.AppStore|Any CPU.Build.0 = Debug|iPhoneSimulator
		{FBC1246F-85C6-42EC-806C-025D4186D212}.AppStore|ARM.ActiveCfg = Debug|iPhoneSimulator
		{FBC1246F-85C6-42EC-806C-025D4186D212}.AppStore|ARM.Build.0 = Debug|iPhoneSimulator
		{FBC1246F-85C6-42EC-806C-025D4186D212}.AppStore|ARM64.ActiveCfg = Debug|iPhoneSimulator
		{FBC1246F-85C6-42EC-806C-025D4186D212}.AppStore|ARM64.Build.0 = Debug|iPhoneSimulator
		{FBC1246F-85C6-42EC-806C-025D4186D212}.AppStore|iPhone.ActiveCfg = Debug|iPhoneSimulator
		{FBC1246F-85C6-42EC-806C-025D4186D212}.AppStore|iPhone.Build.0 = Debug|iPhoneSimulator
		{FBC1246F-85C6-42EC-806C-025D4186D212}.AppStore|iPhoneSimulator.ActiveCfg = Debug|iPhoneSimulator
		{FBC1246F-85C6-42EC-806C-025D4186D212}.AppStore|iPhoneSimulator.Build.0 = Debug|iPhoneSimulator
		{FBC1246F-85C6-42EC-806C-025D4186D212}.AppStore|x64.ActiveCfg = Debug|iPhoneSimulator
		{FBC1246F-85C6-42EC-806C-025D4186D212}.AppStore|x64.Build.0 = Debug|iPhoneSimulator
		{FBC1246F-85C6-42EC-806C-025D4186D212}.AppStore|x86.ActiveCfg = Debug|iPhoneSimulator
		{FBC1246F-85C6-42EC-806C-025D4186D212}.AppStore|x86.Build.0 = Debug|iPhoneSimulator
		{FBC1246F-85C6-42EC-806C-025D4186D212}.Debug|Any CPU.ActiveCfg = Debug|iPhoneSimulator
		{FBC1246F-85C6-42EC-806C-025D4186D212}.Debug|ARM.ActiveCfg = Debug|iPhoneSimulator
		{FBC1246F-85C6-42EC-806C-025D4186D212}.Debug|ARM64.ActiveCfg = Debug|iPhoneSimulator
		{FBC1246F-85C6-42EC-806C-025D4186D212}.Debug|iPhone.ActiveCfg = Debug|iPhoneSimulator
		{FBC1246F-85C6-42EC-806C-025D4186D212}.Debug|iPhoneSimulator.ActiveCfg = Debug|iPhoneSimulator
		{FBC1246F-85C6-42EC-806C-025D4186D212}.Debug|iPhoneSimulator.Build.0 = Debug|iPhoneSimulator
		{FBC1246F-85C6-42EC-806C-025D4186D212}.Debug|x64.ActiveCfg = Debug|iPhoneSimulator
		{FBC1246F-85C6-42EC-806C-025D4186D212}.Debug|x86.ActiveCfg = Debug|iPhoneSimulator
		{FBC1246F-85C6-42EC-806C-025D4186D212}.Release|Any CPU.ActiveCfg = Release|iPhoneSimulator
		{FBC1246F-85C6-42EC-806C-025D4186D212}.Release|ARM.ActiveCfg = Release|iPhoneSimulator
		{FBC1246F-85C6-42EC-806C-025D4186D212}.Release|ARM64.ActiveCfg = Release|iPhoneSimulator
		{FBC1246F-85C6-42EC-806C-025D4186D212}.Release|iPhone.ActiveCfg = Release|iPhoneSimulator
		{FBC1246F-85C6-42EC-806C-025D4186D212}.Release|iPhoneSimulator.ActiveCfg = Release|iPhoneSimulator
		{FBC1246F-85C6-42EC-806C-025D4186D212}.Release|iPhoneSimulator.Build.0 = Release|iPhoneSimulator
		{FBC1246F-85C6-42EC-806C-025D4186D212}.Release|x64.ActiveCfg = Release|iPhoneSimulator
		{FBC1246F-85C6-42EC-806C-025D4186D212}.Release|x86.ActiveCfg = Release|iPhoneSimulator
		{3FB22EA8-851C-41E6-A96A-0703A9270E95}.Ad-Hoc|Any CPU.ActiveCfg = Debug|Any CPU
		{3FB22EA8-851C-41E6-A96A-0703A9270E95}.Ad-Hoc|Any CPU.Build.0 = Debug|Any CPU
		{3FB22EA8-851C-41E6-A96A-0703A9270E95}.Ad-Hoc|ARM.ActiveCfg = Debug|Any CPU
		{3FB22EA8-851C-41E6-A96A-0703A9270E95}.Ad-Hoc|ARM.Build.0 = Debug|Any CPU
		{3FB22EA8-851C-41E6-A96A-0703A9270E95}.Ad-Hoc|ARM64.ActiveCfg = Debug|Any CPU
		{3FB22EA8-851C-41E6-A96A-0703A9270E95}.Ad-Hoc|ARM64.Build.0 = Debug|Any CPU
		{3FB22EA8-851C-41E6-A96A-0703A9270E95}.Ad-Hoc|iPhone.ActiveCfg = Debug|Any CPU
		{3FB22EA8-851C-41E6-A96A-0703A9270E95}.Ad-Hoc|iPhone.Build.0 = Debug|Any CPU
		{3FB22EA8-851C-41E6-A96A-0703A9270E95}.Ad-Hoc|iPhoneSimulator.ActiveCfg = Debug|Any CPU
		{3FB22EA8-851C-41E6-A96A-0703A9270E95}.Ad-Hoc|iPhoneSimulator.Build.0 = Debug|Any CPU
		{3FB22EA8-851C-41E6-A96A-0703A9270E95}.Ad-Hoc|x64.ActiveCfg = Debug|Any CPU
		{3FB22EA8-851C-41E6-A96A-0703A9270E95}.Ad-Hoc|x64.Build.0 = Debug|Any CPU
		{3FB22EA8-851C-41E6-A96A-0703A9270E95}.Ad-Hoc|x86.ActiveCfg = Debug|Any CPU
		{3FB22EA8-851C-41E6-A96A-0703A9270E95}.Ad-Hoc|x86.Build.0 = Debug|Any CPU
		{3FB22EA8-851C-41E6-A96A-0703A9270E95}.AppStore|Any CPU.ActiveCfg = Debug|Any CPU
		{3FB22EA8-851C-41E6-A96A-0703A9270E95}.AppStore|Any CPU.Build.0 = Debug|Any CPU
		{3FB22EA8-851C-41E6-A96A-0703A9270E95}.AppStore|ARM.ActiveCfg = Debug|Any CPU
		{3FB22EA8-851C-41E6-A96A-0703A9270E95}.AppStore|ARM.Build.0 = Debug|Any CPU
		{3FB22EA8-851C-41E6-A96A-0703A9270E95}.AppStore|ARM64.ActiveCfg = Debug|Any CPU
		{3FB22EA8-851C-41E6-A96A-0703A9270E95}.AppStore|ARM64.Build.0 = Debug|Any CPU
		{3FB22EA8-851C-41E6-A96A-0703A9270E95}.AppStore|iPhone.ActiveCfg = Debug|Any CPU
		{3FB22EA8-851C-41E6-A96A-0703A9270E95}.AppStore|iPhone.Build.0 = Debug|Any CPU
		{3FB22EA8-851C-41E6-A96A-0703A9270E95}.AppStore|iPhoneSimulator.ActiveCfg = Debug|Any CPU
		{3FB22EA8-851C-41E6-A96A-0703A9270E95}.AppStore|iPhoneSimulator.Build.0 = Debug|Any CPU
		{3FB22EA8-851C-41E6-A96A-0703A9270E95}.AppStore|x64.ActiveCfg = Debug|Any CPU
		{3FB22EA8-851C-41E6-A96A-0703A9270E95}.AppStore|x64.Build.0 = Debug|Any CPU
		{3FB22EA8-851C-41E6-A96A-0703A9270E95}.AppStore|x86.ActiveCfg = Debug|Any CPU
		{3FB22EA8-851C-41E6-A96A-0703A9270E95}.AppStore|x86.Build.0 = Debug|Any CPU
		{3FB22EA8-851C-41E6-A96A-0703A9270E95}.Debug|Any CPU.ActiveCfg = Debug|Any CPU
		{3FB22EA8-851C-41E6-A96A-0703A9270E95}.Debug|Any CPU.Build.0 = Debug|Any CPU
		{3FB22EA8-851C-41E6-A96A-0703A9270E95}.Debug|ARM.ActiveCfg = Debug|Any CPU
		{3FB22EA8-851C-41E6-A96A-0703A9270E95}.Debug|ARM.Build.0 = Debug|Any CPU
		{3FB22EA8-851C-41E6-A96A-0703A9270E95}.Debug|ARM64.ActiveCfg = Debug|Any CPU
		{3FB22EA8-851C-41E6-A96A-0703A9270E95}.Debug|ARM64.Build.0 = Debug|Any CPU
		{3FB22EA8-851C-41E6-A96A-0703A9270E95}.Debug|iPhone.ActiveCfg = Debug|Any CPU
		{3FB22EA8-851C-41E6-A96A-0703A9270E95}.Debug|iPhone.Build.0 = Debug|Any CPU
		{3FB22EA8-851C-41E6-A96A-0703A9270E95}.Debug|iPhoneSimulator.ActiveCfg = Debug|Any CPU
		{3FB22EA8-851C-41E6-A96A-0703A9270E95}.Debug|iPhoneSimulator.Build.0 = Debug|Any CPU
		{3FB22EA8-851C-41E6-A96A-0703A9270E95}.Debug|x64.ActiveCfg = Debug|Any CPU
		{3FB22EA8-851C-41E6-A96A-0703A9270E95}.Debug|x64.Build.0 = Debug|Any CPU
		{3FB22EA8-851C-41E6-A96A-0703A9270E95}.Debug|x86.ActiveCfg = Debug|Any CPU
		{3FB22EA8-851C-41E6-A96A-0703A9270E95}.Debug|x86.Build.0 = Debug|Any CPU
		{3FB22EA8-851C-41E6-A96A-0703A9270E95}.Release|Any CPU.ActiveCfg = Release|Any CPU
		{3FB22EA8-851C-41E6-A96A-0703A9270E95}.Release|Any CPU.Build.0 = Release|Any CPU
		{3FB22EA8-851C-41E6-A96A-0703A9270E95}.Release|ARM.ActiveCfg = Release|Any CPU
		{3FB22EA8-851C-41E6-A96A-0703A9270E95}.Release|ARM.Build.0 = Release|Any CPU
		{3FB22EA8-851C-41E6-A96A-0703A9270E95}.Release|ARM64.ActiveCfg = Release|Any CPU
		{3FB22EA8-851C-41E6-A96A-0703A9270E95}.Release|ARM64.Build.0 = Release|Any CPU
		{3FB22EA8-851C-41E6-A96A-0703A9270E95}.Release|iPhone.ActiveCfg = Release|Any CPU
		{3FB22EA8-851C-41E6-A96A-0703A9270E95}.Release|iPhone.Build.0 = Release|Any CPU
		{3FB22EA8-851C-41E6-A96A-0703A9270E95}.Release|iPhoneSimulator.ActiveCfg = Release|Any CPU
		{3FB22EA8-851C-41E6-A96A-0703A9270E95}.Release|iPhoneSimulator.Build.0 = Release|Any CPU
		{3FB22EA8-851C-41E6-A96A-0703A9270E95}.Release|x64.ActiveCfg = Release|Any CPU
		{3FB22EA8-851C-41E6-A96A-0703A9270E95}.Release|x64.Build.0 = Release|Any CPU
		{3FB22EA8-851C-41E6-A96A-0703A9270E95}.Release|x86.ActiveCfg = Release|Any CPU
		{3FB22EA8-851C-41E6-A96A-0703A9270E95}.Release|x86.Build.0 = Release|Any CPU
		{80B6FA6B-88C4-4E3A-9534-DC64140D57CE}.Ad-Hoc|Any CPU.ActiveCfg = Debug|Any CPU
		{80B6FA6B-88C4-4E3A-9534-DC64140D57CE}.Ad-Hoc|Any CPU.Build.0 = Debug|Any CPU
		{80B6FA6B-88C4-4E3A-9534-DC64140D57CE}.Ad-Hoc|ARM.ActiveCfg = Debug|Any CPU
		{80B6FA6B-88C4-4E3A-9534-DC64140D57CE}.Ad-Hoc|ARM.Build.0 = Debug|Any CPU
		{80B6FA6B-88C4-4E3A-9534-DC64140D57CE}.Ad-Hoc|ARM64.ActiveCfg = Debug|Any CPU
		{80B6FA6B-88C4-4E3A-9534-DC64140D57CE}.Ad-Hoc|ARM64.Build.0 = Debug|Any CPU
		{80B6FA6B-88C4-4E3A-9534-DC64140D57CE}.Ad-Hoc|iPhone.ActiveCfg = Debug|Any CPU
		{80B6FA6B-88C4-4E3A-9534-DC64140D57CE}.Ad-Hoc|iPhone.Build.0 = Debug|Any CPU
		{80B6FA6B-88C4-4E3A-9534-DC64140D57CE}.Ad-Hoc|iPhoneSimulator.ActiveCfg = Debug|Any CPU
		{80B6FA6B-88C4-4E3A-9534-DC64140D57CE}.Ad-Hoc|iPhoneSimulator.Build.0 = Debug|Any CPU
		{80B6FA6B-88C4-4E3A-9534-DC64140D57CE}.Ad-Hoc|x64.ActiveCfg = Debug|Any CPU
		{80B6FA6B-88C4-4E3A-9534-DC64140D57CE}.Ad-Hoc|x64.Build.0 = Debug|Any CPU
		{80B6FA6B-88C4-4E3A-9534-DC64140D57CE}.Ad-Hoc|x86.ActiveCfg = Debug|Any CPU
		{80B6FA6B-88C4-4E3A-9534-DC64140D57CE}.Ad-Hoc|x86.Build.0 = Debug|Any CPU
		{80B6FA6B-88C4-4E3A-9534-DC64140D57CE}.AppStore|Any CPU.ActiveCfg = Debug|Any CPU
		{80B6FA6B-88C4-4E3A-9534-DC64140D57CE}.AppStore|Any CPU.Build.0 = Debug|Any CPU
		{80B6FA6B-88C4-4E3A-9534-DC64140D57CE}.AppStore|ARM.ActiveCfg = Debug|Any CPU
		{80B6FA6B-88C4-4E3A-9534-DC64140D57CE}.AppStore|ARM.Build.0 = Debug|Any CPU
		{80B6FA6B-88C4-4E3A-9534-DC64140D57CE}.AppStore|ARM64.ActiveCfg = Debug|Any CPU
		{80B6FA6B-88C4-4E3A-9534-DC64140D57CE}.AppStore|ARM64.Build.0 = Debug|Any CPU
		{80B6FA6B-88C4-4E3A-9534-DC64140D57CE}.AppStore|iPhone.ActiveCfg = Debug|Any CPU
		{80B6FA6B-88C4-4E3A-9534-DC64140D57CE}.AppStore|iPhone.Build.0 = Debug|Any CPU
		{80B6FA6B-88C4-4E3A-9534-DC64140D57CE}.AppStore|iPhoneSimulator.ActiveCfg = Debug|Any CPU
		{80B6FA6B-88C4-4E3A-9534-DC64140D57CE}.AppStore|iPhoneSimulator.Build.0 = Debug|Any CPU
		{80B6FA6B-88C4-4E3A-9534-DC64140D57CE}.AppStore|x64.ActiveCfg = Debug|Any CPU
		{80B6FA6B-88C4-4E3A-9534-DC64140D57CE}.AppStore|x64.Build.0 = Debug|Any CPU
		{80B6FA6B-88C4-4E3A-9534-DC64140D57CE}.AppStore|x86.ActiveCfg = Debug|Any CPU
		{80B6FA6B-88C4-4E3A-9534-DC64140D57CE}.AppStore|x86.Build.0 = Debug|Any CPU
		{80B6FA6B-88C4-4E3A-9534-DC64140D57CE}.Debug|Any CPU.ActiveCfg = Debug|Any CPU
		{80B6FA6B-88C4-4E3A-9534-DC64140D57CE}.Debug|Any CPU.Build.0 = Debug|Any CPU
		{80B6FA6B-88C4-4E3A-9534-DC64140D57CE}.Debug|ARM.ActiveCfg = Debug|Any CPU
		{80B6FA6B-88C4-4E3A-9534-DC64140D57CE}.Debug|ARM.Build.0 = Debug|Any CPU
		{80B6FA6B-88C4-4E3A-9534-DC64140D57CE}.Debug|ARM64.ActiveCfg = Debug|Any CPU
		{80B6FA6B-88C4-4E3A-9534-DC64140D57CE}.Debug|ARM64.Build.0 = Debug|Any CPU
		{80B6FA6B-88C4-4E3A-9534-DC64140D57CE}.Debug|iPhone.ActiveCfg = Debug|Any CPU
		{80B6FA6B-88C4-4E3A-9534-DC64140D57CE}.Debug|iPhone.Build.0 = Debug|Any CPU
		{80B6FA6B-88C4-4E3A-9534-DC64140D57CE}.Debug|iPhoneSimulator.ActiveCfg = Debug|Any CPU
		{80B6FA6B-88C4-4E3A-9534-DC64140D57CE}.Debug|iPhoneSimulator.Build.0 = Debug|Any CPU
		{80B6FA6B-88C4-4E3A-9534-DC64140D57CE}.Debug|x64.ActiveCfg = Debug|Any CPU
		{80B6FA6B-88C4-4E3A-9534-DC64140D57CE}.Debug|x64.Build.0 = Debug|Any CPU
		{80B6FA6B-88C4-4E3A-9534-DC64140D57CE}.Debug|x86.ActiveCfg = Debug|Any CPU
		{80B6FA6B-88C4-4E3A-9534-DC64140D57CE}.Debug|x86.Build.0 = Debug|Any CPU
		{80B6FA6B-88C4-4E3A-9534-DC64140D57CE}.Release|Any CPU.ActiveCfg = Release|Any CPU
		{80B6FA6B-88C4-4E3A-9534-DC64140D57CE}.Release|Any CPU.Build.0 = Release|Any CPU
		{80B6FA6B-88C4-4E3A-9534-DC64140D57CE}.Release|ARM.ActiveCfg = Release|Any CPU
		{80B6FA6B-88C4-4E3A-9534-DC64140D57CE}.Release|ARM.Build.0 = Release|Any CPU
		{80B6FA6B-88C4-4E3A-9534-DC64140D57CE}.Release|ARM64.ActiveCfg = Release|Any CPU
		{80B6FA6B-88C4-4E3A-9534-DC64140D57CE}.Release|ARM64.Build.0 = Release|Any CPU
		{80B6FA6B-88C4-4E3A-9534-DC64140D57CE}.Release|iPhone.ActiveCfg = Release|Any CPU
		{80B6FA6B-88C4-4E3A-9534-DC64140D57CE}.Release|iPhone.Build.0 = Release|Any CPU
		{80B6FA6B-88C4-4E3A-9534-DC64140D57CE}.Release|iPhoneSimulator.ActiveCfg = Release|Any CPU
		{80B6FA6B-88C4-4E3A-9534-DC64140D57CE}.Release|iPhoneSimulator.Build.0 = Release|Any CPU
		{80B6FA6B-88C4-4E3A-9534-DC64140D57CE}.Release|x64.ActiveCfg = Release|Any CPU
		{80B6FA6B-88C4-4E3A-9534-DC64140D57CE}.Release|x64.Build.0 = Release|Any CPU
		{80B6FA6B-88C4-4E3A-9534-DC64140D57CE}.Release|x86.ActiveCfg = Release|Any CPU
		{80B6FA6B-88C4-4E3A-9534-DC64140D57CE}.Release|x86.Build.0 = Release|Any CPU
		{2C5B6AC0-965B-4D20-9A6B-416D14921121}.Ad-Hoc|Any CPU.ActiveCfg = Debug|Any CPU
		{2C5B6AC0-965B-4D20-9A6B-416D14921121}.Ad-Hoc|Any CPU.Build.0 = Debug|Any CPU
		{2C5B6AC0-965B-4D20-9A6B-416D14921121}.Ad-Hoc|ARM.ActiveCfg = Debug|Any CPU
		{2C5B6AC0-965B-4D20-9A6B-416D14921121}.Ad-Hoc|ARM.Build.0 = Debug|Any CPU
		{2C5B6AC0-965B-4D20-9A6B-416D14921121}.Ad-Hoc|ARM64.ActiveCfg = Debug|Any CPU
		{2C5B6AC0-965B-4D20-9A6B-416D14921121}.Ad-Hoc|ARM64.Build.0 = Debug|Any CPU
		{2C5B6AC0-965B-4D20-9A6B-416D14921121}.Ad-Hoc|iPhone.ActiveCfg = Debug|Any CPU
		{2C5B6AC0-965B-4D20-9A6B-416D14921121}.Ad-Hoc|iPhone.Build.0 = Debug|Any CPU
		{2C5B6AC0-965B-4D20-9A6B-416D14921121}.Ad-Hoc|iPhoneSimulator.ActiveCfg = Debug|Any CPU
		{2C5B6AC0-965B-4D20-9A6B-416D14921121}.Ad-Hoc|iPhoneSimulator.Build.0 = Debug|Any CPU
		{2C5B6AC0-965B-4D20-9A6B-416D14921121}.Ad-Hoc|x64.ActiveCfg = Debug|Any CPU
		{2C5B6AC0-965B-4D20-9A6B-416D14921121}.Ad-Hoc|x64.Build.0 = Debug|Any CPU
		{2C5B6AC0-965B-4D20-9A6B-416D14921121}.Ad-Hoc|x86.ActiveCfg = Debug|Any CPU
		{2C5B6AC0-965B-4D20-9A6B-416D14921121}.Ad-Hoc|x86.Build.0 = Debug|Any CPU
		{2C5B6AC0-965B-4D20-9A6B-416D14921121}.AppStore|Any CPU.ActiveCfg = Debug|Any CPU
		{2C5B6AC0-965B-4D20-9A6B-416D14921121}.AppStore|Any CPU.Build.0 = Debug|Any CPU
		{2C5B6AC0-965B-4D20-9A6B-416D14921121}.AppStore|ARM.ActiveCfg = Debug|Any CPU
		{2C5B6AC0-965B-4D20-9A6B-416D14921121}.AppStore|ARM.Build.0 = Debug|Any CPU
		{2C5B6AC0-965B-4D20-9A6B-416D14921121}.AppStore|ARM64.ActiveCfg = Debug|Any CPU
		{2C5B6AC0-965B-4D20-9A6B-416D14921121}.AppStore|ARM64.Build.0 = Debug|Any CPU
		{2C5B6AC0-965B-4D20-9A6B-416D14921121}.AppStore|iPhone.ActiveCfg = Debug|Any CPU
		{2C5B6AC0-965B-4D20-9A6B-416D14921121}.AppStore|iPhone.Build.0 = Debug|Any CPU
		{2C5B6AC0-965B-4D20-9A6B-416D14921121}.AppStore|iPhoneSimulator.ActiveCfg = Debug|Any CPU
		{2C5B6AC0-965B-4D20-9A6B-416D14921121}.AppStore|iPhoneSimulator.Build.0 = Debug|Any CPU
		{2C5B6AC0-965B-4D20-9A6B-416D14921121}.AppStore|x64.ActiveCfg = Debug|Any CPU
		{2C5B6AC0-965B-4D20-9A6B-416D14921121}.AppStore|x64.Build.0 = Debug|Any CPU
		{2C5B6AC0-965B-4D20-9A6B-416D14921121}.AppStore|x86.ActiveCfg = Debug|Any CPU
		{2C5B6AC0-965B-4D20-9A6B-416D14921121}.AppStore|x86.Build.0 = Debug|Any CPU
		{2C5B6AC0-965B-4D20-9A6B-416D14921121}.Debug|Any CPU.ActiveCfg = Debug|Any CPU
		{2C5B6AC0-965B-4D20-9A6B-416D14921121}.Debug|Any CPU.Build.0 = Debug|Any CPU
		{2C5B6AC0-965B-4D20-9A6B-416D14921121}.Debug|ARM.ActiveCfg = Debug|Any CPU
		{2C5B6AC0-965B-4D20-9A6B-416D14921121}.Debug|ARM.Build.0 = Debug|Any CPU
		{2C5B6AC0-965B-4D20-9A6B-416D14921121}.Debug|ARM64.ActiveCfg = Debug|Any CPU
		{2C5B6AC0-965B-4D20-9A6B-416D14921121}.Debug|ARM64.Build.0 = Debug|Any CPU
		{2C5B6AC0-965B-4D20-9A6B-416D14921121}.Debug|iPhone.ActiveCfg = Debug|Any CPU
		{2C5B6AC0-965B-4D20-9A6B-416D14921121}.Debug|iPhone.Build.0 = Debug|Any CPU
		{2C5B6AC0-965B-4D20-9A6B-416D14921121}.Debug|iPhoneSimulator.ActiveCfg = Debug|Any CPU
		{2C5B6AC0-965B-4D20-9A6B-416D14921121}.Debug|iPhoneSimulator.Build.0 = Debug|Any CPU
		{2C5B6AC0-965B-4D20-9A6B-416D14921121}.Debug|x64.ActiveCfg = Debug|Any CPU
		{2C5B6AC0-965B-4D20-9A6B-416D14921121}.Debug|x64.Build.0 = Debug|Any CPU
		{2C5B6AC0-965B-4D20-9A6B-416D14921121}.Debug|x86.ActiveCfg = Debug|Any CPU
		{2C5B6AC0-965B-4D20-9A6B-416D14921121}.Debug|x86.Build.0 = Debug|Any CPU
		{2C5B6AC0-965B-4D20-9A6B-416D14921121}.Release|Any CPU.ActiveCfg = Release|Any CPU
		{2C5B6AC0-965B-4D20-9A6B-416D14921121}.Release|Any CPU.Build.0 = Release|Any CPU
		{2C5B6AC0-965B-4D20-9A6B-416D14921121}.Release|ARM.ActiveCfg = Release|Any CPU
		{2C5B6AC0-965B-4D20-9A6B-416D14921121}.Release|ARM.Build.0 = Release|Any CPU
		{2C5B6AC0-965B-4D20-9A6B-416D14921121}.Release|ARM64.ActiveCfg = Release|Any CPU
		{2C5B6AC0-965B-4D20-9A6B-416D14921121}.Release|ARM64.Build.0 = Release|Any CPU
		{2C5B6AC0-965B-4D20-9A6B-416D14921121}.Release|iPhone.ActiveCfg = Release|Any CPU
		{2C5B6AC0-965B-4D20-9A6B-416D14921121}.Release|iPhone.Build.0 = Release|Any CPU
		{2C5B6AC0-965B-4D20-9A6B-416D14921121}.Release|iPhoneSimulator.ActiveCfg = Release|Any CPU
		{2C5B6AC0-965B-4D20-9A6B-416D14921121}.Release|iPhoneSimulator.Build.0 = Release|Any CPU
		{2C5B6AC0-965B-4D20-9A6B-416D14921121}.Release|x64.ActiveCfg = Release|Any CPU
		{2C5B6AC0-965B-4D20-9A6B-416D14921121}.Release|x64.Build.0 = Release|Any CPU
		{2C5B6AC0-965B-4D20-9A6B-416D14921121}.Release|x86.ActiveCfg = Release|Any CPU
		{2C5B6AC0-965B-4D20-9A6B-416D14921121}.Release|x86.Build.0 = Release|Any CPU
		{F50BBBCB-F27F-47F3-8274-3786CF50900F}.Ad-Hoc|Any CPU.ActiveCfg = Debug|Any CPU
		{F50BBBCB-F27F-47F3-8274-3786CF50900F}.Ad-Hoc|Any CPU.Build.0 = Debug|Any CPU
		{F50BBBCB-F27F-47F3-8274-3786CF50900F}.Ad-Hoc|ARM.ActiveCfg = Debug|Any CPU
		{F50BBBCB-F27F-47F3-8274-3786CF50900F}.Ad-Hoc|ARM.Build.0 = Debug|Any CPU
		{F50BBBCB-F27F-47F3-8274-3786CF50900F}.Ad-Hoc|ARM64.ActiveCfg = Debug|Any CPU
		{F50BBBCB-F27F-47F3-8274-3786CF50900F}.Ad-Hoc|ARM64.Build.0 = Debug|Any CPU
		{F50BBBCB-F27F-47F3-8274-3786CF50900F}.Ad-Hoc|iPhone.ActiveCfg = Debug|Any CPU
		{F50BBBCB-F27F-47F3-8274-3786CF50900F}.Ad-Hoc|iPhone.Build.0 = Debug|Any CPU
		{F50BBBCB-F27F-47F3-8274-3786CF50900F}.Ad-Hoc|iPhoneSimulator.ActiveCfg = Debug|Any CPU
		{F50BBBCB-F27F-47F3-8274-3786CF50900F}.Ad-Hoc|iPhoneSimulator.Build.0 = Debug|Any CPU
		{F50BBBCB-F27F-47F3-8274-3786CF50900F}.Ad-Hoc|x64.ActiveCfg = Debug|Any CPU
		{F50BBBCB-F27F-47F3-8274-3786CF50900F}.Ad-Hoc|x64.Build.0 = Debug|Any CPU
		{F50BBBCB-F27F-47F3-8274-3786CF50900F}.Ad-Hoc|x86.ActiveCfg = Debug|Any CPU
		{F50BBBCB-F27F-47F3-8274-3786CF50900F}.Ad-Hoc|x86.Build.0 = Debug|Any CPU
		{F50BBBCB-F27F-47F3-8274-3786CF50900F}.AppStore|Any CPU.ActiveCfg = Debug|Any CPU
		{F50BBBCB-F27F-47F3-8274-3786CF50900F}.AppStore|Any CPU.Build.0 = Debug|Any CPU
		{F50BBBCB-F27F-47F3-8274-3786CF50900F}.AppStore|ARM.ActiveCfg = Debug|Any CPU
		{F50BBBCB-F27F-47F3-8274-3786CF50900F}.AppStore|ARM.Build.0 = Debug|Any CPU
		{F50BBBCB-F27F-47F3-8274-3786CF50900F}.AppStore|ARM64.ActiveCfg = Debug|Any CPU
		{F50BBBCB-F27F-47F3-8274-3786CF50900F}.AppStore|ARM64.Build.0 = Debug|Any CPU
		{F50BBBCB-F27F-47F3-8274-3786CF50900F}.AppStore|iPhone.ActiveCfg = Debug|Any CPU
		{F50BBBCB-F27F-47F3-8274-3786CF50900F}.AppStore|iPhone.Build.0 = Debug|Any CPU
		{F50BBBCB-F27F-47F3-8274-3786CF50900F}.AppStore|iPhoneSimulator.ActiveCfg = Debug|Any CPU
		{F50BBBCB-F27F-47F3-8274-3786CF50900F}.AppStore|iPhoneSimulator.Build.0 = Debug|Any CPU
		{F50BBBCB-F27F-47F3-8274-3786CF50900F}.AppStore|x64.ActiveCfg = Debug|Any CPU
		{F50BBBCB-F27F-47F3-8274-3786CF50900F}.AppStore|x64.Build.0 = Debug|Any CPU
		{F50BBBCB-F27F-47F3-8274-3786CF50900F}.AppStore|x86.ActiveCfg = Debug|Any CPU
		{F50BBBCB-F27F-47F3-8274-3786CF50900F}.AppStore|x86.Build.0 = Debug|Any CPU
		{F50BBBCB-F27F-47F3-8274-3786CF50900F}.Debug|Any CPU.ActiveCfg = Debug|Any CPU
		{F50BBBCB-F27F-47F3-8274-3786CF50900F}.Debug|Any CPU.Build.0 = Debug|Any CPU
		{F50BBBCB-F27F-47F3-8274-3786CF50900F}.Debug|ARM.ActiveCfg = Debug|Any CPU
		{F50BBBCB-F27F-47F3-8274-3786CF50900F}.Debug|ARM.Build.0 = Debug|Any CPU
		{F50BBBCB-F27F-47F3-8274-3786CF50900F}.Debug|ARM64.ActiveCfg = Debug|Any CPU
		{F50BBBCB-F27F-47F3-8274-3786CF50900F}.Debug|ARM64.Build.0 = Debug|Any CPU
		{F50BBBCB-F27F-47F3-8274-3786CF50900F}.Debug|iPhone.ActiveCfg = Debug|Any CPU
		{F50BBBCB-F27F-47F3-8274-3786CF50900F}.Debug|iPhone.Build.0 = Debug|Any CPU
		{F50BBBCB-F27F-47F3-8274-3786CF50900F}.Debug|iPhoneSimulator.ActiveCfg = Debug|Any CPU
		{F50BBBCB-F27F-47F3-8274-3786CF50900F}.Debug|iPhoneSimulator.Build.0 = Debug|Any CPU
		{F50BBBCB-F27F-47F3-8274-3786CF50900F}.Debug|x64.ActiveCfg = Debug|Any CPU
		{F50BBBCB-F27F-47F3-8274-3786CF50900F}.Debug|x64.Build.0 = Debug|Any CPU
		{F50BBBCB-F27F-47F3-8274-3786CF50900F}.Debug|x86.ActiveCfg = Debug|Any CPU
		{F50BBBCB-F27F-47F3-8274-3786CF50900F}.Debug|x86.Build.0 = Debug|Any CPU
		{F50BBBCB-F27F-47F3-8274-3786CF50900F}.Release|Any CPU.ActiveCfg = Release|Any CPU
		{F50BBBCB-F27F-47F3-8274-3786CF50900F}.Release|Any CPU.Build.0 = Release|Any CPU
		{F50BBBCB-F27F-47F3-8274-3786CF50900F}.Release|ARM.ActiveCfg = Release|Any CPU
		{F50BBBCB-F27F-47F3-8274-3786CF50900F}.Release|ARM.Build.0 = Release|Any CPU
		{F50BBBCB-F27F-47F3-8274-3786CF50900F}.Release|ARM64.ActiveCfg = Release|Any CPU
		{F50BBBCB-F27F-47F3-8274-3786CF50900F}.Release|ARM64.Build.0 = Release|Any CPU
		{F50BBBCB-F27F-47F3-8274-3786CF50900F}.Release|iPhone.ActiveCfg = Release|Any CPU
		{F50BBBCB-F27F-47F3-8274-3786CF50900F}.Release|iPhone.Build.0 = Release|Any CPU
		{F50BBBCB-F27F-47F3-8274-3786CF50900F}.Release|iPhoneSimulator.ActiveCfg = Release|Any CPU
		{F50BBBCB-F27F-47F3-8274-3786CF50900F}.Release|iPhoneSimulator.Build.0 = Release|Any CPU
		{F50BBBCB-F27F-47F3-8274-3786CF50900F}.Release|x64.ActiveCfg = Release|Any CPU
		{F50BBBCB-F27F-47F3-8274-3786CF50900F}.Release|x64.Build.0 = Release|Any CPU
		{F50BBBCB-F27F-47F3-8274-3786CF50900F}.Release|x86.ActiveCfg = Release|Any CPU
		{F50BBBCB-F27F-47F3-8274-3786CF50900F}.Release|x86.Build.0 = Release|Any CPU
	EndGlobalSection
	GlobalSection(SolutionProperties) = preSolution
		HideSolutionNode = FALSE
	EndGlobalSection
	GlobalSection(NestedProjects) = preSolution
		{A95BD4AA-4E38-4092-BC8F-070D6A69993D} = {9E699814-38AA-4D7C-BD89-91C1C3320EC1}
		{9479FDF7-C6FC-48EC-9031-0C7A88EA8F96} = {9E699814-38AA-4D7C-BD89-91C1C3320EC1}
		{DCEBB8C2-E4BD-44F8-ACCB-9A8980D8F01D} = {9E699814-38AA-4D7C-BD89-91C1C3320EC1}
		{1173AA60-9009-48B1-BBA8-3EF094643D84} = {9E699814-38AA-4D7C-BD89-91C1C3320EC1}
		{FBC1246F-85C6-42EC-806C-025D4186D212} = {9E699814-38AA-4D7C-BD89-91C1C3320EC1}
		{3FB22EA8-851C-41E6-A96A-0703A9270E95} = {9E699814-38AA-4D7C-BD89-91C1C3320EC1}
		{80B6FA6B-88C4-4E3A-9534-DC64140D57CE} = {9E699814-38AA-4D7C-BD89-91C1C3320EC1}
		{2C5B6AC0-965B-4D20-9A6B-416D14921121} = {9E699814-38AA-4D7C-BD89-91C1C3320EC1}
		{F50BBBCB-F27F-47F3-8274-3786CF50900F} = {9E699814-38AA-4D7C-BD89-91C1C3320EC1}
	EndGlobalSection
	GlobalSection(ExtensibilityGlobals) = postSolution
		SolutionGuid = {F274AEDC-FCEE-4303-B969-AAD8860ED74F}
	EndGlobalSection
EndGlobal
